
Microsoft Visual Studio Solution File, Format Version 12.00
# Visual Studio 14
VisualStudioVersion = 14.0.23107.0
MinimumVisualStudioVersion = 10.0.40219.1
Project("{E24C65DC-7377-472B-9ABA-BC803B73C61A}") = "ASP-NET-Music-Database", ".", "{2EA49346-2B83-4753-B589-0CDE38F2960C}"
	ProjectSection(WebsiteProperties) = preProject
		TargetFrameworkMoniker = ".NETFramework,Version%3Dv4.5.2"
		Debug.AspNetCompiler.VirtualPath = "/localhost_22412"
		Debug.AspNetCompiler.PhysicalPath = "..\ASP-NET-Music-Database\"
		Debug.AspNetCompiler.TargetPath = "PrecompiledWeb\localhost_22412\"
		Debug.AspNetCompiler.Updateable = "true"
		Debug.AspNetCompiler.ForceOverwrite = "true"
		Debug.AspNetCompiler.FixedNames = "false"
		Debug.AspNetCompiler.Debug = "True"
		Release.AspNetCompiler.VirtualPath = "/localhost_22412"
		Release.AspNetCompiler.PhysicalPath = "..\ASP-NET-Music-Database\"
		Release.AspNetCompiler.TargetPath = "PrecompiledWeb\localhost_22412\"
		Release.AspNetCompiler.Updateable = "true"
		Release.AspNetCompiler.ForceOverwrite = "true"
		Release.AspNetCompiler.FixedNames = "false"
		Release.AspNetCompiler.Debug = "False"
		VWDPort = "22412"
		SlnRelativePath = "..\ASP-NET-Music-Database\"
	EndProjectSection
EndProject
Global
	GlobalSection(SolutionConfigurationPlatforms) = preSolution
		Debug|Any CPU = Debug|Any CPU
	EndGlobalSection
	GlobalSection(ProjectConfigurationPlatforms) = postSolution
		{2EA49346-2B83-4753-B589-0CDE38F2960C}.Debug|Any CPU.ActiveCfg = Debug|Any CPU
		{2EA49346-2B83-4753-B589-0CDE38F2960C}.Debug|Any CPU.Build.0 = Debug|Any CPU
	EndGlobalSection
	GlobalSection(SolutionProperties) = preSolution
		HideSolutionNode = FALSE
	EndGlobalSection
EndGlobal
